
Microsoft Visual Studio Solution File, Format Version 12.00
# Visual Studio 15
VisualStudioVersion = 15.0.28010.2026
MinimumVisualStudioVersion = 10.0.40219.1
Project("{FAE04EC0-301F-11D3-BF4B-00C04F79EFBC}") = "NEXUS", "NEXUS\NEXUS.csproj", "{ECC2AE69-70F9-4DF2-9C20-AE8DBB2D5A69}"
EndProject
Global
	GlobalSection(SolutionConfigurationPlatforms) = preSolution
		Debug|Any CPU = Debug|Any CPU
		Release|Any CPU = Release|Any CPU
	EndGlobalSection
	GlobalSection(ProjectConfigurationPlatforms) = postSolution
		{ECC2AE69-70F9-4DF2-9C20-AE8DBB2D5A69}.Debug|Any CPU.ActiveCfg = Debug|Any CPU
		{ECC2AE69-70F9-4DF2-9C20-AE8DBB2D5A69}.Debug|Any CPU.Build.0 = Debug|Any CPU
		{ECC2AE69-70F9-4DF2-9C20-AE8DBB2D5A69}.Release|Any CPU.ActiveCfg = Release|Any CPU
		{ECC2AE69-70F9-4DF2-9C20-AE8DBB2D5A69}.Release|Any CPU.Build.0 = Release|Any CPU
	EndGlobalSection
	GlobalSection(SolutionProperties) = preSolution
		HideSolutionNode = FALSE
	EndGlobalSection
	GlobalSection(ExtensibilityGlobals) = postSolution
		SolutionGuid = {7831F56E-8066-44E7-9C83-D87D7E2FCE61}
	EndGlobalSection
EndGlobal
